
Microsoft Visual Studio Solution File, Format Version 12.00
# Visual Studio 14
VisualStudioVersion = 14.0.25123.0
MinimumVisualStudioVersion = 10.0.40219.1
Project("{FAE04EC0-301F-11D3-BF4B-00C04F79EFBC}") = "MarkdownPreview.Tests", "MarkdownPreview.Tests\MarkdownPreview.Tests.csproj", "{E87F693A-5AAC-4E5B-A1C5-775BB24C3DA8}"
EndProject
Project("{FAE04EC0-301F-11D3-BF4B-00C04F79EFBC}") = "MarkdownPreview", "MarkdownPreview\MarkdownPreview.csproj", "{AD9D5AA9-C79A-4818-933C-D583E3B9DAE4}"
EndProject
Project("{54435603-DBB4-11D2-8724-00A0C9A8B90C}") = "Setup", "Setup\Setup.vdproj", "{91B82E01-F055-4E6B-B0E6-E06D14BC2155}"
EndProject
Global
	GlobalSection(SolutionConfigurationPlatforms) = preSolution
		Debug|Any CPU = Debug|Any CPU
		Release|Any CPU = Release|Any CPU
	EndGlobalSection
	GlobalSection(ProjectConfigurationPlatforms) = postSolution
		{E87F693A-5AAC-4E5B-A1C5-775BB24C3DA8}.Debug|Any CPU.ActiveCfg = Debug|Any CPU
		{E87F693A-5AAC-4E5B-A1C5-775BB24C3DA8}.Debug|Any CPU.Build.0 = Debug|Any CPU
		{E87F693A-5AAC-4E5B-A1C5-775BB24C3DA8}.Release|Any CPU.ActiveCfg = Release|Any CPU
		{E87F693A-5AAC-4E5B-A1C5-775BB24C3DA8}.Release|Any CPU.Build.0 = Release|Any CPU
		{AD9D5AA9-C79A-4818-933C-D583E3B9DAE4}.Debug|Any CPU.ActiveCfg = Debug|Any CPU
		{AD9D5AA9-C79A-4818-933C-D583E3B9DAE4}.Debug|Any CPU.Build.0 = Debug|Any CPU
		{AD9D5AA9-C79A-4818-933C-D583E3B9DAE4}.Release|Any CPU.ActiveCfg = Release|Any CPU
		{AD9D5AA9-C79A-4818-933C-D583E3B9DAE4}.Release|Any CPU.Build.0 = Release|Any CPU
		{91B82E01-F055-4E6B-B0E6-E06D14BC2155}.Debug|Any CPU.ActiveCfg = Debug
		{91B82E01-F055-4E6B-B0E6-E06D14BC2155}.Release|Any CPU.ActiveCfg = Release
	EndGlobalSection
	GlobalSection(SolutionProperties) = preSolution
		HideSolutionNode = FALSE
	EndGlobalSection
EndGlobal
